
Microsoft Visual Studio Solution File, Format Version 12.00
# Visual Studio Version 16
VisualStudioVersion = 16.0.32630.194
MinimumVisualStudioVersion = 10.0.40219.1
Project("{FAE04EC0-301F-11D3-BF4B-00C04F79EFBC}") = "Ejercicio 01", "Ejercicio 01\Ejercicio 01.csproj", "{6CABBF33-267F-48DD-B584-24ABDF36C8CD}"
EndProject
Project("{FAE04EC0-301F-11D3-BF4B-00C04F79EFBC}") = "Entidades", "Entidades\Entidades.csproj", "{5FCDAB97-7095-4FD4-ACA9-9DC514B81FF6}"
EndProject
Project("{FAE04EC0-301F-11D3-BF4B-00C04F79EFBC}") = "Ejercicio 02", "Ejercicio 02\Ejercicio 02.csproj", "{02805BA3-D708-4818-9A3F-C476325EAD23}"
EndProject
Global
	GlobalSection(SolutionConfigurationPlatforms) = preSolution
		Debug|Any CPU = Debug|Any CPU
		Release|Any CPU = Release|Any CPU
	EndGlobalSection
	GlobalSection(ProjectConfigurationPlatforms) = postSolution
		{6CABBF33-267F-48DD-B584-24ABDF36C8CD}.Debug|Any CPU.ActiveCfg = Debug|Any CPU
		{6CABBF33-267F-48DD-B584-24ABDF36C8CD}.Debug|Any CPU.Build.0 = Debug|Any CPU
		{6CABBF33-267F-48DD-B584-24ABDF36C8CD}.Release|Any CPU.ActiveCfg = Release|Any CPU
		{6CABBF33-267F-48DD-B584-24ABDF36C8CD}.Release|Any CPU.Build.0 = Release|Any CPU
		{5FCDAB97-7095-4FD4-ACA9-9DC514B81FF6}.Debug|Any CPU.ActiveCfg = Debug|Any CPU
		{5FCDAB97-7095-4FD4-ACA9-9DC514B81FF6}.Debug|Any CPU.Build.0 = Debug|Any CPU
		{5FCDAB97-7095-4FD4-ACA9-9DC514B81FF6}.Release|Any CPU.ActiveCfg = Release|Any CPU
		{5FCDAB97-7095-4FD4-ACA9-9DC514B81FF6}.Release|Any CPU.Build.0 = Release|Any CPU
		{02805BA3-D708-4818-9A3F-C476325EAD23}.Debug|Any CPU.ActiveCfg = Debug|Any CPU
		{02805BA3-D708-4818-9A3F-C476325EAD23}.Debug|Any CPU.Build.0 = Debug|Any CPU
		{02805BA3-D708-4818-9A3F-C476325EAD23}.Release|Any CPU.ActiveCfg = Release|Any CPU
		{02805BA3-D708-4818-9A3F-C476325EAD23}.Release|Any CPU.Build.0 = Release|Any CPU
	EndGlobalSection
	GlobalSection(SolutionProperties) = preSolution
		HideSolutionNode = FALSE
	EndGlobalSection
	GlobalSection(ExtensibilityGlobals) = postSolution
		SolutionGuid = {D2072FED-7958-46E3-BFB6-CDC312B34156}
	EndGlobalSection
EndGlobal
